
Microsoft Visual Studio Solution File, Format Version 12.00
# Visual Studio Version 17
VisualStudioVersion = 17.14.36518.9 d17.14
MinimumVisualStudioVersion = 10.0.40219.1
Project("{FAE04EC0-301F-11D3-BF4B-00C04F79EFBC}") = "23011556-017", "23011556-017\23011556-017.csproj", "{0DE46FF9-6FEF-4A57-8851-0728C039901F}"
EndProject
Global
	GlobalSection(SolutionConfigurationPlatforms) = preSolution
		Debug|Any CPU = Debug|Any CPU
		Release|Any CPU = Release|Any CPU
	EndGlobalSection
	GlobalSection(ProjectConfigurationPlatforms) = postSolution
		{0DE46FF9-6FEF-4A57-8851-0728C039901F}.Debug|Any CPU.ActiveCfg = Debug|Any CPU
		{0DE46FF9-6FEF-4A57-8851-0728C039901F}.Debug|Any CPU.Build.0 = Debug|Any CPU
		{0DE46FF9-6FEF-4A57-8851-0728C039901F}.Release|Any CPU.ActiveCfg = Release|Any CPU
		{0DE46FF9-6FEF-4A57-8851-0728C039901F}.Release|Any CPU.Build.0 = Release|Any CPU
	EndGlobalSection
	GlobalSection(SolutionProperties) = preSolution
		HideSolutionNode = FALSE
	EndGlobalSection
	GlobalSection(ExtensibilityGlobals) = postSolution
		SolutionGuid = {1CF7F4E5-E4DE-4997-ADC7-28F1184A8847}
	EndGlobalSection
EndGlobal
